// !$*UTF8*$!
{
	archiveVersion = 1;
	classes = {
	};
	objectVersion = 46;
	objects = {

/* Begin PBXBuildFile section */
		20536EF81BD9BC5D00BEB17A /* ProfileViewController.m in Sources */ = {isa = PBXBuildFile; fileRef = 20536EF71BD9BC5D00BEB17A /* ProfileViewController.m */; };
		20536EFC1BD9BEA100BEB17A /* TabBarViewController.m in Sources */ = {isa = PBXBuildFile; fileRef = 20536EFB1BD9BEA100BEB17A /* TabBarViewController.m */; };
		20DB32E21BE9E7F60056F4FF /* finalProject.xcdatamodeld in Sources */ = {isa = PBXBuildFile; fileRef = 20DB32E01BE9E7F60056F4FF /* finalProject.xcdatamodeld */; };
		20DB32E81BEB1F8A0056F4FF /* ReportsTableViewController.m in Sources */ = {isa = PBXBuildFile; fileRef = 20DB32E71BEB1F8A0056F4FF /* ReportsTableViewController.m */; };
		20DB32EB1BEB43A60056F4FF /* DateUtilities.m in Sources */ = {isa = PBXBuildFile; fileRef = 20DB32EA1BEB43A60056F4FF /* DateUtilities.m */; };
		665393EF1BD5BC990014FD20 /* main.m in Sources */ = {isa = PBXBuildFile; fileRef = 665393EE1BD5BC990014FD20 /* main.m */; };
		665393F21BD5BC990014FD20 /* AppDelegate.m in Sources */ = {isa = PBXBuildFile; fileRef = 665393F11BD5BC990014FD20 /* AppDelegate.m */; };
		665393F51BD5BC990014FD20 /* FirstViewController.m in Sources */ = {isa = PBXBuildFile; fileRef = 665393F41BD5BC990014FD20 /* FirstViewController.m */; };
		665393F81BD5BC990014FD20 /* SecondViewController.m in Sources */ = {isa = PBXBuildFile; fileRef = 665393F71BD5BC990014FD20 /* SecondViewController.m */; };
		665393FB1BD5BC990014FD20 /* Main.storyboard in Resources */ = {isa = PBXBuildFile; fileRef = 665393F91BD5BC990014FD20 /* Main.storyboard */; };
		665393FD1BD5BC990014FD20 /* Images.xcassets in Resources */ = {isa = PBXBuildFile; fileRef = 665393FC1BD5BC990014FD20 /* Images.xcassets */; };
		665394001BD5BC990014FD20 /* LaunchScreen.xib in Resources */ = {isa = PBXBuildFile; fileRef = 665393FE1BD5BC990014FD20 /* LaunchScreen.xib */; };
		6653940C1BD5BC990014FD20 /* finalProjectTests.m in Sources */ = {isa = PBXBuildFile; fileRef = 6653940B1BD5BC990014FD20 /* finalProjectTests.m */; };
		668CD5061BEBBA9600456E66 /* XYPieChart.m in Sources */ = {isa = PBXBuildFile; fileRef = 668CD5051BEBBA9600456E66 /* XYPieChart.m */; };
		668CD50B1BEBC20200456E66 /* UIColor+FSPalette.m in Sources */ = {isa = PBXBuildFile; fileRef = 668CD5081BEBC20200456E66 /* UIColor+FSPalette.m */; };
		668CD50C1BEBC20200456E66 /* FSLineChart.m in Sources */ = {isa = PBXBuildFile; fileRef = 668CD50A1BEBC20200456E66 /* FSLineChart.m */; };
		FB0F11691BEA9F3C005613A6 /* ThirdViewController.m in Sources */ = {isa = PBXBuildFile; fileRef = FB0F11681BEA9F3C005613A6 /* ThirdViewController.m */; };
		FB73DC6A1BEBE63900172A9B /* CustomTableViewCell.m in Sources */ = {isa = PBXBuildFile; fileRef = FB73DC691BEBE63900172A9B /* CustomTableViewCell.m */; };
/* End PBXBuildFile section */

/* Begin PBXContainerItemProxy section */
		665394061BD5BC990014FD20 /* PBXContainerItemProxy */ = {
			isa = PBXContainerItemProxy;
			containerPortal = 665393E11BD5BC980014FD20 /* Project object */;
			proxyType = 1;
			remoteGlobalIDString = 665393E81BD5BC980014FD20;
			remoteInfo = finalProject;
		};
/* End PBXContainerItemProxy section */

/* Begin PBXFileReference section */
		20536EF61BD9BC5D00BEB17A /* ProfileViewController.h */ = {isa = PBXFileReference; fileEncoding = 4; lastKnownFileType = sourcecode.c.h; path = ProfileViewController.h; sourceTree = "<group>"; };
		20536EF71BD9BC5D00BEB17A /* ProfileViewController.m */ = {isa = PBXFileReference; fileEncoding = 4; lastKnownFileType = sourcecode.c.objc; path = ProfileViewController.m; sourceTree = "<group>"; };
		20536EFA1BD9BEA100BEB17A /* TabBarViewController.h */ = {isa = PBXFileReference; fileEncoding = 4; lastKnownFileType = sourcecode.c.h; path = TabBarViewController.h; sourceTree = "<group>"; };
		20536EFB1BD9BEA100BEB17A /* TabBarViewController.m */ = {isa = PBXFileReference; fileEncoding = 4; lastKnownFileType = sourcecode.c.objc; path = TabBarViewController.m; sourceTree = "<group>"; };
		20DB32E11BE9E7F60056F4FF /* finalProject.xcdatamodel */ = {isa = PBXFileReference; lastKnownFileType = wrapper.xcdatamodel; path = finalProject.xcdatamodel; sourceTree = "<group>"; };
		20DB32E61BEB1F8A0056F4FF /* ReportsTableViewController.h */ = {isa = PBXFileReference; fileEncoding = 4; lastKnownFileType = sourcecode.c.h; path = ReportsTableViewController.h; sourceTree = "<group>"; };
		20DB32E71BEB1F8A0056F4FF /* ReportsTableViewController.m */ = {isa = PBXFileReference; fileEncoding = 4; lastKnownFileType = sourcecode.c.objc; path = ReportsTableViewController.m; sourceTree = "<group>"; };
		20DB32E91BEB43850056F4FF /* DateUtilities.h */ = {isa = PBXFileReference; fileEncoding = 4; lastKnownFileType = sourcecode.c.h; path = DateUtilities.h; sourceTree = "<group>"; };
		20DB32EA1BEB43A60056F4FF /* DateUtilities.m */ = {isa = PBXFileReference; fileEncoding = 4; lastKnownFileType = sourcecode.c.objc; path = DateUtilities.m; sourceTree = "<group>"; };
		665393E91BD5BC990014FD20 /* finalProject.app */ = {isa = PBXFileReference; explicitFileType = wrapper.application; includeInIndex = 0; path = finalProject.app; sourceTree = BUILT_PRODUCTS_DIR; };
		665393ED1BD5BC990014FD20 /* Info.plist */ = {isa = PBXFileReference; lastKnownFileType = text.plist.xml; path = Info.plist; sourceTree = "<group>"; };
		665393EE1BD5BC990014FD20 /* main.m */ = {isa = PBXFileReference; lastKnownFileType = sourcecode.c.objc; path = main.m; sourceTree = "<group>"; };
		665393F01BD5BC990014FD20 /* AppDelegate.h */ = {isa = PBXFileReference; lastKnownFileType = sourcecode.c.h; path = AppDelegate.h; sourceTree = "<group>"; };
		665393F11BD5BC990014FD20 /* AppDelegate.m */ = {isa = PBXFileReference; lastKnownFileType = sourcecode.c.objc; path = AppDelegate.m; sourceTree = "<group>"; };
		665393F31BD5BC990014FD20 /* FirstViewController.h */ = {isa = PBXFileReference; lastKnownFileType = sourcecode.c.h; path = FirstViewController.h; sourceTree = "<group>"; };
		665393F41BD5BC990014FD20 /* FirstViewController.m */ = {isa = PBXFileReference; lastKnownFileType = sourcecode.c.objc; path = FirstViewController.m; sourceTree = "<group>"; };
		665393F61BD5BC990014FD20 /* SecondViewController.h */ = {isa = PBXFileReference; lastKnownFileType = sourcecode.c.h; path = SecondViewController.h; sourceTree = "<group>"; };
		665393F71BD5BC990014FD20 /* SecondViewController.m */ = {isa = PBXFileReference; lastKnownFileType = sourcecode.c.objc; path = SecondViewController.m; sourceTree = "<group>"; };
		665393FA1BD5BC990014FD20 /* Base */ = {isa = PBXFileReference; lastKnownFileType = file.storyboard; name = Base; path = Base.lproj/Main.storyboard; sourceTree = "<group>"; };
		665393FC1BD5BC990014FD20 /* Images.xcassets */ = {isa = PBXFileReference; lastKnownFileType = folder.assetcatalog; path = Images.xcassets; sourceTree = "<group>"; };
		665393FF1BD5BC990014FD20 /* Base */ = {isa = PBXFileReference; lastKnownFileType = file.xib; name = Base; path = Base.lproj/LaunchScreen.xib; sourceTree = "<group>"; };
		665394051BD5BC990014FD20 /* finalProjectTests.xctest */ = {isa = PBXFileReference; explicitFileType = wrapper.cfbundle; includeInIndex = 0; path = finalProjectTests.xctest; sourceTree = BUILT_PRODUCTS_DIR; };
		6653940A1BD5BC990014FD20 /* Info.plist */ = {isa = PBXFileReference; lastKnownFileType = text.plist.xml; path = Info.plist; sourceTree = "<group>"; };
		6653940B1BD5BC990014FD20 /* finalProjectTests.m */ = {isa = PBXFileReference; lastKnownFileType = sourcecode.c.objc; path = finalProjectTests.m; sourceTree = "<group>"; };
		668CD5041BEBBA9600456E66 /* XYPieChart.h */ = {isa = PBXFileReference; fileEncoding = 4; lastKnownFileType = sourcecode.c.h; path = XYPieChart.h; sourceTree = "<group>"; };
		668CD5051BEBBA9600456E66 /* XYPieChart.m */ = {isa = PBXFileReference; fileEncoding = 4; lastKnownFileType = sourcecode.c.objc; path = XYPieChart.m; sourceTree = "<group>"; };
		668CD5071BEBC20200456E66 /* UIColor+FSPalette.h */ = {isa = PBXFileReference; fileEncoding = 4; lastKnownFileType = sourcecode.c.h; path = "UIColor+FSPalette.h"; sourceTree = "<group>"; };
		668CD5081BEBC20200456E66 /* UIColor+FSPalette.m */ = {isa = PBXFileReference; fileEncoding = 4; lastKnownFileType = sourcecode.c.objc; path = "UIColor+FSPalette.m"; sourceTree = "<group>"; };
		668CD5091BEBC20200456E66 /* FSLineChart.h */ = {isa = PBXFileReference; fileEncoding = 4; lastKnownFileType = sourcecode.c.h; path = FSLineChart.h; sourceTree = "<group>"; };
		668CD50A1BEBC20200456E66 /* FSLineChart.m */ = {isa = PBXFileReference; fileEncoding = 4; lastKnownFileType = sourcecode.c.objc; path = FSLineChart.m; sourceTree = "<group>"; };
		FB0F11671BEA9F3C005613A6 /* ThirdViewController.h */ = {isa = PBXFileReference; fileEncoding = 4; lastKnownFileType = sourcecode.c.h; path = ThirdViewController.h; sourceTree = "<group>"; };
		FB0F11681BEA9F3C005613A6 /* ThirdViewController.m */ = {isa = PBXFileReference; fileEncoding = 4; lastKnownFileType = sourcecode.c.objc; path = ThirdViewController.m; sourceTree = "<group>"; };
		FB73DC681BEBE63900172A9B /* CustomTableViewCell.h */ = {isa = PBXFileReference; fileEncoding = 4; lastKnownFileType = sourcecode.c.h; name = CustomTableViewCell.h; path = ../CustomTableViewCell.h; sourceTree = "<group>"; };
		FB73DC691BEBE63900172A9B /* CustomTableViewCell.m */ = {isa = PBXFileReference; fileEncoding = 4; lastKnownFileType = sourcecode.c.objc; name = CustomTableViewCell.m; path = ../CustomTableViewCell.m; sourceTree = "<group>"; };
/* End PBXFileReference section */

/* Begin PBXFrameworksBuildPhase section */
		665393E61BD5BC980014FD20 /* Frameworks */ = {
			isa = PBXFrameworksBuildPhase;
			buildActionMask = 2147483647;
			files = (
			);
			runOnlyForDeploymentPostprocessing = 0;
		};
		665394021BD5BC990014FD20 /* Frameworks */ = {
			isa = PBXFrameworksBuildPhase;
			buildActionMask = 2147483647;
			files = (
			);
			runOnlyForDeploymentPostprocessing = 0;
		};
/* End PBXFrameworksBuildPhase section */

/* Begin PBXGroup section */
		665393E01BD5BC980014FD20 = {
			isa = PBXGroup;
			children = (
				665393EB1BD5BC990014FD20 /* finalProject */,
				665394081BD5BC990014FD20 /* finalProjectTests */,
				665393EA1BD5BC990014FD20 /* Products */,
			);
			sourceTree = "<group>";
		};
		665393EA1BD5BC990014FD20 /* Products */ = {
			isa = PBXGroup;
			children = (
				665393E91BD5BC990014FD20 /* finalProject.app */,
				665394051BD5BC990014FD20 /* finalProjectTests.xctest */,
			);
			name = Products;
			sourceTree = "<group>";
		};
		665393EB1BD5BC990014FD20 /* finalProject */ = {
			isa = PBXGroup;
			children = (
				20DB32E91BEB43850056F4FF /* DateUtilities.h */,
				20DB32EA1BEB43A60056F4FF /* DateUtilities.m */,
				668CD5071BEBC20200456E66 /* UIColor+FSPalette.h */,
				668CD5081BEBC20200456E66 /* UIColor+FSPalette.m */,
				668CD5091BEBC20200456E66 /* FSLineChart.h */,
				668CD50A1BEBC20200456E66 /* FSLineChart.m */,
				668CD5041BEBBA9600456E66 /* XYPieChart.h */,
				668CD5051BEBBA9600456E66 /* XYPieChart.m */,
				20536EFA1BD9BEA100BEB17A /* TabBarViewController.h */,
				20536EFB1BD9BEA100BEB17A /* TabBarViewController.m */,
				20536EF61BD9BC5D00BEB17A /* ProfileViewController.h */,
				20536EF71BD9BC5D00BEB17A /* ProfileViewController.m */,
				665393F01BD5BC990014FD20 /* AppDelegate.h */,
				665393F11BD5BC990014FD20 /* AppDelegate.m */,
				665393F31BD5BC990014FD20 /* FirstViewController.h */,
				665393F41BD5BC990014FD20 /* FirstViewController.m */,
				665393F61BD5BC990014FD20 /* SecondViewController.h */,
				665393F71BD5BC990014FD20 /* SecondViewController.m */,
				FB0F11671BEA9F3C005613A6 /* ThirdViewController.h */,
				FB0F11681BEA9F3C005613A6 /* ThirdViewController.m */,
				20DB32E61BEB1F8A0056F4FF /* ReportsTableViewController.h */,
				20DB32E71BEB1F8A0056F4FF /* ReportsTableViewController.m */,
				FB73DC681BEBE63900172A9B /* CustomTableViewCell.h */,
				FB73DC691BEBE63900172A9B /* CustomTableViewCell.m */,
				665393F91BD5BC990014FD20 /* Main.storyboard */,
				665393FC1BD5BC990014FD20 /* Images.xcassets */,
				665393FE1BD5BC990014FD20 /* LaunchScreen.xib */,
				20DB32E01BE9E7F60056F4FF /* finalProject.xcdatamodeld */,
				665393EC1BD5BC990014FD20 /* Supporting Files */,
			);
			path = finalProject;
			sourceTree = "<group>";
		};
		665393EC1BD5BC990014FD20 /* Supporting Files */ = {
			isa = PBXGroup;
			children = (
				665393ED1BD5BC990014FD20 /* Info.plist */,
				665393EE1BD5BC990014FD20 /* main.m */,
			);
			name = "Supporting Files";
			sourceTree = "<group>";
		};
		665394081BD5BC990014FD20 /* finalProjectTests */ = {
			isa = PBXGroup;
			children = (
				6653940B1BD5BC990014FD20 /* finalProjectTests.m */,
				665394091BD5BC990014FD20 /* Supporting Files */,
			);
			path = finalProjectTests;
			sourceTree = "<group>";
		};
		665394091BD5BC990014FD20 /* Supporting Files */ = {
			isa = PBXGroup;
			children = (
				6653940A1BD5BC990014FD20 /* Info.plist */,
			);
			name = "Supporting Files";
			sourceTree = "<group>";
		};
/* End PBXGroup section */

/* Begin PBXNativeTarget section */
		665393E81BD5BC980014FD20 /* finalProject */ = {
			isa = PBXNativeTarget;
			buildConfigurationList = 6653940F1BD5BC990014FD20 /* Build configuration list for PBXNativeTarget "finalProject" */;
			buildPhases = (
				665393E51BD5BC980014FD20 /* Sources */,
				665393E61BD5BC980014FD20 /* Frameworks */,
				665393E71BD5BC980014FD20 /* Resources */,
			);
			buildRules = (
			);
			dependencies = (
			);
			name = finalProject;
			productName = finalProject;
			productReference = 665393E91BD5BC990014FD20 /* finalProject.app */;
			productType = "com.apple.product-type.application";
		};
		665394041BD5BC990014FD20 /* finalProjectTests */ = {
			isa = PBXNativeTarget;
			buildConfigurationList = 665394121BD5BC990014FD20 /* Build configuration list for PBXNativeTarget "finalProjectTests" */;
			buildPhases = (
				665394011BD5BC990014FD20 /* Sources */,
				665394021BD5BC990014FD20 /* Frameworks */,
				665394031BD5BC990014FD20 /* Resources */,
			);
			buildRules = (
			);
			dependencies = (
				665394071BD5BC990014FD20 /* PBXTargetDependency */,
			);
			name = finalProjectTests;
			productName = finalProjectTests;
			productReference = 665394051BD5BC990014FD20 /* finalProjectTests.xctest */;
			productType = "com.apple.product-type.bundle.unit-test";
		};
/* End PBXNativeTarget section */

/* Begin PBXProject section */
		665393E11BD5BC980014FD20 /* Project object */ = {
			isa = PBXProject;
			attributes = {
				LastUpgradeCheck = 0640;
				ORGANIZATIONNAME = "Gustavo Ferrufino";
				TargetAttributes = {
					665393E81BD5BC980014FD20 = {
						CreatedOnToolsVersion = 6.4;
					};
					665394041BD5BC990014FD20 = {
						CreatedOnToolsVersion = 6.4;
						TestTargetID = 665393E81BD5BC980014FD20;
					};
				};
			};
			buildConfigurationList = 665393E41BD5BC980014FD20 /* Build configuration list for PBXProject "finalProject" */;
			compatibilityVersion = "Xcode 3.2";
			developmentRegion = English;
			hasScannedForEncodings = 0;
			knownRegions = (
				en,
				Base,
			);
			mainGroup = 665393E01BD5BC980014FD20;
			productRefGroup = 665393EA1BD5BC990014FD20 /* Products */;
			projectDirPath = "";
			projectRoot = "";
			targets = (
				665393E81BD5BC980014FD20 /* finalProject */,
				665394041BD5BC990014FD20 /* finalProjectTests */,
			);
		};
/* End PBXProject section */

/* Begin PBXResourcesBuildPhase section */
		665393E71BD5BC980014FD20 /* Resources */ = {
			isa = PBXResourcesBuildPhase;
			buildActionMask = 2147483647;
			files = (
				665393FB1BD5BC990014FD20 /* Main.storyboard in Resources */,
				665394001BD5BC990014FD20 /* LaunchScreen.xib in Resources */,
				665393FD1BD5BC990014FD20 /* Images.xcassets in Resources */,
			);
			runOnlyForDeploymentPostprocessing = 0;
		};
		665394031BD5BC990014FD20 /* Resources */ = {
			isa = PBXResourcesBuildPhase;
			buildActionMask = 2147483647;
			files = (
			);
			runOnlyForDeploymentPostprocessing = 0;
		};
/* End PBXResourcesBuildPhase section */

/* Begin PBXSourcesBuildPhase section */
		665393E51BD5BC980014FD20 /* Sources */ = {
			isa = PBXSourcesBuildPhase;
			buildActionMask = 2147483647;
			files = (
				20DB32EB1BEB43A60056F4FF /* DateUtilities.m in Sources */,
				665393F81BD5BC990014FD20 /* SecondViewController.m in Sources */,
				665393F21BD5BC990014FD20 /* AppDelegate.m in Sources */,
				665393F51BD5BC990014FD20 /* FirstViewController.m in Sources */,
				20DB32E21BE9E7F60056F4FF /* finalProject.xcdatamodeld in Sources */,
				665393EF1BD5BC990014FD20 /* main.m in Sources */,
				20DB32E81BEB1F8A0056F4FF /* ReportsTableViewController.m in Sources */,
				668CD50B1BEBC20200456E66 /* UIColor+FSPalette.m in Sources */,
				FB73DC6A1BEBE63900172A9B /* CustomTableViewCell.m in Sources */,
				20536EFC1BD9BEA100BEB17A /* TabBarViewController.m in Sources */,
				20536EF81BD9BC5D00BEB17A /* ProfileViewController.m in Sources */,
				668CD5061BEBBA9600456E66 /* XYPieChart.m in Sources */,
				FB0F11691BEA9F3C005613A6 /* ThirdViewController.m in Sources */,
				668CD50C1BEBC20200456E66 /* FSLineChart.m in Sources */,
			);
			runOnlyForDeploymentPostprocessing = 0;
		};
		665394011BD5BC990014FD20 /* Sources */ = {
			isa = PBXSourcesBuildPhase;
			buildActionMask = 2147483647;
			files = (
				6653940C1BD5BC990014FD20 /* finalProjectTests.m in Sources */,
			);
			runOnlyForDeploymentPostprocessing = 0;
		};
/* End PBXSourcesBuildPhase section */

/* Begin PBXTargetDependency section */
		665394071BD5BC990014FD20 /* PBXTargetDependency */ = {
			isa = PBXTargetDependency;
			target = 665393E81BD5BC980014FD20 /* finalProject */;
			targetProxy = 665394061BD5BC990014FD20 /* PBXContainerItemProxy */;
		};
/* End PBXTargetDependency section */

/* Begin PBXVariantGroup section */
		665393F91BD5BC990014FD20 /* Main.storyboard */ = {
			isa = PBXVariantGroup;
			children = (
				665393FA1BD5BC990014FD20 /* Base */,
			);
			name = Main.storyboard;
			sourceTree = "<group>";
		};
		665393FE1BD5BC990014FD20 /* LaunchScreen.xib */ = {
			isa = PBXVariantGroup;
			children = (
				665393FF1BD5BC990014FD20 /* Base */,
			);
			name = LaunchScreen.xib;
			sourceTree = "<group>";
		};
/* End PBXVariantGroup section */

/* Begin XCBuildConfiguration section */
		6653940D1BD5BC990014FD20 /* Debug */ = {
			isa = XCBuildConfiguration;
			buildSettings = {
				ALWAYS_SEARCH_USER_PATHS = NO;
				CLANG_CXX_LANGUAGE_STANDARD = "gnu++0x";
				CLANG_CXX_LIBRARY = "libc++";
				CLANG_ENABLE_MODULES = YES;
				CLANG_ENABLE_OBJC_ARC = YES;
				CLANG_WARN_BOOL_CONVERSION = YES;
				CLANG_WARN_CONSTANT_CONVERSION = YES;
				CLANG_WARN_DIRECT_OBJC_ISA_USAGE = YES_ERROR;
				CLANG_WARN_EMPTY_BODY = YES;
				CLANG_WARN_ENUM_CONVERSION = YES;
				CLANG_WARN_INT_CONVERSION = YES;
				CLANG_WARN_OBJC_ROOT_CLASS = YES_ERROR;
				CLANG_WARN_UNREACHABLE_CODE = YES;
				CLANG_WARN__DUPLICATE_METHOD_MATCH = YES;
				"CODE_SIGN_IDENTITY[sdk=iphoneos*]" = "iPhone Developer";
				COPY_PHASE_STRIP = NO;
				DEBUG_INFORMATION_FORMAT = "dwarf-with-dsym";
				ENABLE_STRICT_OBJC_MSGSEND = YES;
				GCC_C_LANGUAGE_STANDARD = gnu99;
				GCC_DYNAMIC_NO_PIC = NO;
				GCC_NO_COMMON_BLOCKS = YES;
				GCC_OPTIMIZATION_LEVEL = 0;
				GCC_PREPROCESSOR_DEFINITIONS = (
					"DEBUG=1",
					"$(inherited)",
				);
				GCC_SYMBOLS_PRIVATE_EXTERN = NO;
				GCC_WARN_64_TO_32_BIT_CONVERSION = YES;
				GCC_WARN_ABOUT_RETURN_TYPE = YES_ERROR;
				GCC_WARN_UNDECLARED_SELECTOR = YES;
				GCC_WARN_UNINITIALIZED_AUTOS = YES_AGGRESSIVE;
				GCC_WARN_UNUSED_FUNCTION = YES;
				GCC_WARN_UNUSED_VARIABLE = YES;
				IPHONEOS_DEPLOYMENT_TARGET = 8.4;
				MTL_ENABLE_DEBUG_INFO = YES;
				ONLY_ACTIVE_ARCH = YES;
				SDKROOT = iphoneos;
			};
			name = Debug;
		};
		6653940E1BD5BC990014FD20 /* Release */ = {
			isa = XCBuildConfiguration;
			buildSettings = {
				ALWAYS_SEARCH_USER_PATHS = NO;
				CLANG_CXX_LANGUAGE_STANDARD = "gnu++0x";
				CLANG_CXX_LIBRARY = "libc++";
				CLANG_ENABLE_MODULES = YES;
				CLANG_ENABLE_OBJC_ARC = YES;
				CLANG_WARN_BOOL_CONVERSION = YES;
				CLANG_WARN_CONSTANT_CONVERSION = YES;
				CLANG_WARN_DIRECT_OBJC_ISA_USAGE = YES_ERROR;
				CLANG_WARN_EMPTY_BODY = YES;
				CLANG_WARN_ENUM_CONVERSION = YES;
				CLANG_WARN_INT_CONVERSION = YES;
				CLANG_WARN_OBJC_ROOT_CLASS = YES_ERROR;
				CLANG_WARN_UNREACHABLE_CODE = YES;
				CLANG_WARN__DUPLICATE_METHOD_MATCH = YES;
				"CODE_SIGN_IDENTITY[sdk=iphoneos*]" = "iPhone Developer";
				COPY_PHASE_STRIP = NO;
				DEBUG_INFORMATION_FORMAT = "dwarf-with-dsym";
				ENABLE_NS_ASSERTIONS = NO;
				ENABLE_STRICT_OBJC_MSGSEND = YES;
				GCC_C_LANGUAGE_STANDARD = gnu99;
				GCC_NO_COMMON_BLOCKS = YES;
				GCC_WARN_64_TO_32_BIT_CONVERSION = YES;
				GCC_WARN_ABOUT_RETURN_TYPE = YES_ERROR;
				GCC_WARN_UNDECLARED_SELECTOR = YES;
				GCC_WARN_UNINITIALIZED_AUTOS = YES_AGGRESSIVE;
				GCC_WARN_UNUSED_FUNCTION = YES;
				GCC_WARN_UNUSED_VARIABLE = YES;
				IPHONEOS_DEPLOYMENT_TARGET = 8.4;
				MTL_ENABLE_DEBUG_INFO = NO;
				SDKROOT = iphoneos;
				VALIDATE_PRODUCT = YES;
			};
			name = Release;
		};
		665394101BD5BC990014FD20 /* Debug */ = {
			isa = XCBuildConfiguration;
			buildSettings = {
				ASSETCATALOG_COMPILER_APPICON_NAME = AppIcon;
				INFOPLIST_FILE = finalProject/Info.plist;
				LD_RUNPATH_SEARCH_PATHS = "$(inherited) @executable_path/Frameworks";
				PRODUCT_NAME = "$(TARGET_NAME)";
			};
			name = Debug;
		};
		665394111BD5BC990014FD20 /* Release */ = {
			isa = XCBuildConfiguration;
			buildSettings = {
				ASSETCATALOG_COMPILER_APPICON_NAME = AppIcon;
				INFOPLIST_FILE = finalProject/Info.plist;
				LD_RUNPATH_SEARCH_PATHS = "$(inherited) @executable_path/Frameworks";
				PRODUCT_NAME = "$(TARGET_NAME)";
			};
			name = Release;
		};
		665394131BD5BC990014FD20 /* Debug */ = {
			isa = XCBuildConfiguration;
			buildSettings = {
				BUNDLE_LOADER = "$(TEST_HOST)";
				FRAMEWORK_SEARCH_PATHS = (
					"$(SDKROOT)/Developer/Library/Frameworks",
					"$(inherited)",
				);
				GCC_PREPROCESSOR_DEFINITIONS = (
					"DEBUG=1",
					"$(inherited)",
				);
				INFOPLIST_FILE = finalProjectTests/Info.plist;
				LD_RUNPATH_SEARCH_PATHS = "$(inherited) @executable_path/Frameworks @loader_path/Frameworks";
				PRODUCT_NAME = "$(TARGET_NAME)";
				TEST_HOST = "$(BUILT_PRODUCTS_DIR)/finalProject.app/finalProject";
			};
			name = Debug;
		};
		665394141BD5BC990014FD20 /* Release */ = {
			isa = XCBuildConfiguration;
			buildSettings = {
				BUNDLE_LOADER = "$(TEST_HOST)";
				FRAMEWORK_SEARCH_PATHS = (
					"$(SDKROOT)/Developer/Library/Frameworks",
					"$(inherited)",
				);
				INFOPLIST_FILE = finalProjectTests/Info.plist;
				LD_RUNPATH_SEARCH_PATHS = "$(inherited) @executable_path/Frameworks @loader_path/Frameworks";
				PRODUCT_NAME = "$(TARGET_NAME)";
				TEST_HOST = "$(BUILT_PRODUCTS_DIR)/finalProject.app/finalProject";
			};
			name = Release;
		};
/* End XCBuildConfiguration section */

/* Begin XCConfigurationList section */
		665393E41BD5BC980014FD20 /* Build configuration list for PBXProject "finalProject" */ = {
			isa = XCConfigurationList;
			buildConfigurations = (
				6653940D1BD5BC990014FD20 /* Debug */,
				6653940E1BD5BC990014FD20 /* Release */,
			);
			defaultConfigurationIsVisible = 0;
			defaultConfigurationName = Release;
		};
		6653940F1BD5BC990014FD20 /* Build configuration list for PBXNativeTarget "finalProject" */ = {
			isa = XCConfigurationList;
			buildConfigurations = (
				665394101BD5BC990014FD20 /* Debug */,
				665394111BD5BC990014FD20 /* Release */,
			);
			defaultConfigurationIsVisible = 0;
			defaultConfigurationName = Release;
		};
		665394121BD5BC990014FD20 /* Build configuration list for PBXNativeTarget "finalProjectTests" */ = {
			isa = XCConfigurationList;
			buildConfigurations = (
				665394131BD5BC990014FD20 /* Debug */,
				665394141BD5BC990014FD20 /* Release */,
			);
			defaultConfigurationIsVisible = 0;
			defaultConfigurationName = Release;
		};
/* End XCConfigurationList section */

/* Begin XCVersionGroup section */
		20DB32E01BE9E7F60056F4FF /* finalProject.xcdatamodeld */ = {
			isa = XCVersionGroup;
			children = (
				20DB32E11BE9E7F60056F4FF /* finalProject.xcdatamodel */,
			);
			currentVersion = 20DB32E11BE9E7F60056F4FF /* finalProject.xcdatamodel */;
			path = finalProject.xcdatamodeld;
			sourceTree = "<group>";
			versionGroupType = wrapper.xcdatamodel;
		};
/* End XCVersionGroup section */
	};
	rootObject = 665393E11BD5BC980014FD20 /* Project object */;
}
